# This file is automatically @generated by Cargo.
# It is not intended for manual editing.
[[package]]
name = "aho-corasick"
version = "0.7.18"
source = "registry+https://github.com/rust-lang/crates.io-index"
checksum = "1e37cfd5e7657ada45f742d6e99ca5788580b5c529dc78faf11ece6dc702656f"
dependencies = [
 "memchr",
]

[[package]]
name = "anyhow"
version = "1.0.56"
source = "registry+https://github.com/rust-lang/crates.io-index"
checksum = "4361135be9122e0870de935d7c439aef945b9f9ddd4199a553b5270b49c82a27"

[[package]]
name = "base64"
version = "0.13.0"
source = "registry+https://github.com/rust-lang/crates.io-index"
checksum = "904dfeac50f3cdaba28fc6f57fdcddb75f49ed61346676a78c4ffe55877802fd"

[[package]]
name = "bitflags"
version = "1.3.2"
source = "registry+https://github.com/rust-lang/crates.io-index"
checksum = "bef38d45163c2f1dde094a7dfd33ccf595c92905c8f8f4fdc18d06fb1037718a"

[[package]]
name = "byteorder"
version = "1.4.3"
source = "registry+https://github.com/rust-lang/crates.io-index"
checksum = "14c189c53d098945499cdfa7ecc63567cf3886b3332b312a5b4585d8d3a6a610"

[[package]]
name = "cc"
version = "1.0.73"
source = "registry+https://github.com/rust-lang/crates.io-index"
checksum = "2fff2a6927b3bb87f9595d67196a70493f627687a71d87a0d692242c33f58c11"

[[package]]
name = "cfg-if"
version = "1.0.0"
source = "registry+https://github.com/rust-lang/crates.io-index"
checksum = "baf1de4339761588bc0619e3cbc0120ee582ebb74b53b4efbf79117bd2da40fd"

[[package]]
name = "charset"
version = "0.1.3"
source = "registry+https://github.com/rust-lang/crates.io-index"
checksum = "18e9079d1a12a2cc2bffb5db039c43661836ead4082120d5844f02555aca2d46"
dependencies = [
 "base64",
 "encoding_rs",
]

[[package]]
name = "cmake"
version = "0.1.48"
source = "registry+https://github.com/rust-lang/crates.io-index"
checksum = "e8ad8cef104ac57b68b89df3208164d228503abbdce70f6880ffa3d970e7443a"
dependencies = [
 "cc",
]

[[package]]
name = "cty"
version = "0.2.2"
source = "registry+https://github.com/rust-lang/crates.io-index"
checksum = "b365fabc795046672053e29c954733ec3b05e4be654ab130fe8f1f94d7051f35"

[[package]]
name = "data-encoding"
version = "2.3.2"
source = "registry+https://github.com/rust-lang/crates.io-index"
checksum = "3ee2393c4a91429dffb4bedf19f4d6abf27d8a732c8ce4980305d782e5426d57"

[[package]]
name = "dunce"
version = "1.0.2"
source = "registry+https://github.com/rust-lang/crates.io-index"
checksum = "453440c271cf5577fd2a40e4942540cb7d0d2f85e27c8d07dd0023c925a67541"

[[package]]
name = "either"
version = "1.6.1"
source = "registry+https://github.com/rust-lang/crates.io-index"
checksum = "e78d4f1cc4ae33bbfc157ed5d5a5ef3bc29227303d595861deb238fcec4e9457"

[[package]]
name = "embed-resource"
version = "1.6.5"
source = "registry+https://github.com/rust-lang/crates.io-index"
checksum = "85505eb239fc952b300f29f0556d2d884082a83566768d980278d8faf38c780d"
dependencies = [
 "cc",
 "vswhom",
 "winreg",
]

[[package]]
name = "encoding_rs"
version = "0.8.30"
source = "registry+https://github.com/rust-lang/crates.io-index"
checksum = "7896dc8abb250ffdda33912550faa54c88ec8b998dec0b2c55ab224921ce11df"
dependencies = [
 "cfg-if",
]

[[package]]
name = "fs_extra"
version = "1.2.0"
source = "registry+https://github.com/rust-lang/crates.io-index"
checksum = "2022715d62ab30faffd124d40b76f4134a550a87792276512b18d63272333394"

[[package]]
name = "indoc"
version = "1.0.4"
source = "registry+https://github.com/rust-lang/crates.io-index"
checksum = "e7906a9fababaeacb774f72410e497a1d18de916322e33797bb2cd29baa23c9e"
dependencies = [
 "unindent",
]

[[package]]
name = "instant"
version = "0.1.12"
source = "registry+https://github.com/rust-lang/crates.io-index"
checksum = "7a5bbe824c507c5da5956355e86a746d82e0e1464f65d862cc5e71da70e94b2c"
dependencies = [
 "cfg-if",
]

[[package]]
name = "itertools"
version = "0.10.3"
source = "registry+https://github.com/rust-lang/crates.io-index"
checksum = "a9a9d19fa1e79b6215ff29b9d6880b706147f16e9b1dbb1e4e5947b5b02bc5e3"
dependencies = [
 "either",
]

[[package]]
name = "jemalloc-sys"
version = "0.3.2"
source = "registry+https://github.com/rust-lang/crates.io-index"
checksum = "0d3b9f3f5c9b31aa0f5ed3260385ac205db665baa41d49bb8338008ae94ede45"
dependencies = [
 "cc",
 "fs_extra",
 "libc",
]

[[package]]
name = "jemallocator"
version = "0.3.2"
source = "registry+https://github.com/rust-lang/crates.io-index"
checksum = "43ae63fcfc45e99ab3d1b29a46782ad679e98436c3169d15a167a1108a724b69"
dependencies = [
 "jemalloc-sys",
 "libc",
]

[[package]]
name = "libc"
version = "0.2.121"
source = "registry+https://github.com/rust-lang/crates.io-index"
checksum = "efaa7b300f3b5fe8eb6bf21ce3895e1751d9665086af2d64b42f19701015ff4f"

[[package]]
name = "libmimalloc-sys"
version = "0.1.24"
source = "registry+https://github.com/rust-lang/crates.io-index"
checksum = "7705fc40f6ed493f73584abbb324e74f96b358ff60dfe5659a0f8fc12c590a69"
dependencies = [
 "cc",
 "cty",
]

[[package]]
name = "lock_api"
version = "0.4.6"
source = "registry+https://github.com/rust-lang/crates.io-index"
checksum = "88943dd7ef4a2e5a4bfa2753aaab3013e34ce2533d1996fb18ef591e315e2b3b"
dependencies = [
 "scopeguard",
]

[[package]]
name = "mailparse"
version = "0.13.8"
source = "registry+https://github.com/rust-lang/crates.io-index"
checksum = "8cae768a50835557749599277fc59f7c728118724eb34185e8feb633ef266a32"
dependencies = [
 "charset",
 "data-encoding",
 "quoted_printable",
]

[[package]]
name = "memchr"
version = "2.4.1"
source = "registry+https://github.com/rust-lang/crates.io-index"
checksum = "308cc39be01b73d0d18f82a0e7b2a3df85245f84af96fdddc5d202d27e47b86a"

[[package]]
name = "memmap2"
version = "0.5.3"
source = "registry+https://github.com/rust-lang/crates.io-index"
checksum = "057a3db23999c867821a7a59feb06a578fcb03685e983dff90daf9e7d24ac08f"
dependencies = [
 "libc",
]

[[package]]
name = "memory-module-sys"
version = "0.3.0"
source = "registry+https://github.com/rust-lang/crates.io-index"
checksum = "3bbdce2925c681860b08875119254fb5543dbf6337c56ff93afebeed9c686da3"
dependencies = [
 "cc",
 "libc",
 "winapi",
]

[[package]]
name = "mimalloc"
version = "0.1.26"
source = "registry+https://github.com/rust-lang/crates.io-index"
checksum = "fb74897ce508e6c49156fd1476fc5922cbc6e75183c65e399c765a09122e5130"
dependencies = [
 "libmimalloc-sys",
]

[[package]]
name = "once_cell"
version = "1.10.0"
source = "registry+https://github.com/rust-lang/crates.io-index"
checksum = "87f3e037eac156d1775da914196f0f37741a274155e34a0b7e427c35d2a2ecb9"

[[package]]
name = "parking_lot"
version = "0.11.2"
source = "registry+https://github.com/rust-lang/crates.io-index"
checksum = "7d17b78036a60663b797adeaee46f5c9dfebb86948d1255007a1d6be0271ff99"
dependencies = [
 "instant",
 "lock_api",
 "parking_lot_core",
]

[[package]]
name = "parking_lot_core"
version = "0.8.5"
source = "registry+https://github.com/rust-lang/crates.io-index"
checksum = "d76e8e1493bcac0d2766c42737f34458f1c8c50c0d23bcb24ea953affb273216"
dependencies = [
 "cfg-if",
 "instant",
 "libc",
 "redox_syscall",
 "smallvec",
 "winapi",
]

[[package]]
name = "proc-macro2"
version = "1.0.36"
source = "registry+https://github.com/rust-lang/crates.io-index"
checksum = "c7342d5883fbccae1cc37a2353b09c87c9b0f3afd73f5fb9bba687a1f733b029"
dependencies = [
 "unicode-xid",
]

[[package]]
name = "pyembed"
version = "0.21.0-pre"
dependencies = [
 "anyhow",
 "dunce",
 "jemalloc-sys",
 "libc",
 "libmimalloc-sys",
 "once_cell",
 "pyo3",
 "pyo3-build-config",
 "python-oxidized-importer",
 "python-packaging",
 "snmalloc-sys",
]

[[package]]
name = "pyo3"
version = "0.16.2"
source = "registry+https://github.com/rust-lang/crates.io-index"
checksum = "a378727d5fdcaafd15b5afe9842cff1c25fdc43f62a162ffda2263c57ad98703"
dependencies = [
 "cfg-if",
 "indoc",
 "libc",
 "parking_lot",
 "pyo3-build-config",
 "pyo3-ffi",
 "pyo3-macros",
 "unindent",
]

[[package]]
name = "pyo3-build-config"
version = "0.16.2"
source = "registry+https://github.com/rust-lang/crates.io-index"
checksum = "4fbb27a3e96edd34c13d97d0feefccc90a79270c577c66e19d95af8323823dfc"
dependencies = [
 "once_cell",
]

[[package]]
name = "pyo3-ffi"
version = "0.16.2"
source = "registry+https://github.com/rust-lang/crates.io-index"
checksum = "7b719fff844bcf3f911132112ec06527eb195f6a98e0c42cf97e1118929fd4ea"
dependencies = [
 "libc",
 "pyo3-build-config",
]

[[package]]
name = "pyo3-macros"
version = "0.16.2"
source = "registry+https://github.com/rust-lang/crates.io-index"
checksum = "f795e52d3320abb349ca28b501a7112154a87f353fae1c811deecd58e99cfa9b"
dependencies = [
 "proc-macro2",
 "pyo3-macros-backend",
 "quote",
 "syn",
]

[[package]]
name = "pyo3-macros-backend"
version = "0.16.2"
source = "registry+https://github.com/rust-lang/crates.io-index"
checksum = "39e03aa57a3bb7b96982958088df38302a139df4eef54671bc595f26556cb75b"
dependencies = [
 "proc-macro2",
 "pyo3-build-config",
 "quote",
 "syn",
]

[[package]]
name = "python-oxidized-importer"
version = "0.6.0-pre"
dependencies = [
 "anyhow",
 "memmap2",
 "memory-module-sys",
 "once_cell",
 "pyo3",
 "python-packaging",
 "python-packed-resources",
 "tugger-file-manifest",
 "winapi",
]

[[package]]
name = "python-packaging"
version = "0.13.0-pre"
dependencies = [
 "anyhow",
 "byteorder",
 "encoding_rs",
 "itertools",
 "mailparse",
 "once_cell",
 "python-packed-resources",
 "regex",
 "spdx",
 "tugger-file-manifest",
 "tugger-licensing",
 "walkdir",
]

[[package]]
name = "python-packed-resources"
version = "0.9.0-pre"
dependencies = [
 "anyhow",
 "byteorder",
]

[[package]]
name = "quote"
version = "1.0.16"
source = "registry+https://github.com/rust-lang/crates.io-index"
checksum = "b4af2ec4714533fcdf07e886f17025ace8b997b9ce51204ee69b6da831c3da57"
dependencies = [
 "proc-macro2",
]

[[package]]
name = "quoted_printable"
version = "0.4.5"
source = "registry+https://github.com/rust-lang/crates.io-index"
checksum = "3fee2dce59f7a43418e3382c766554c614e06a552d53a8f07ef499ea4b332c0f"

[[package]]
name = "redox_syscall"
version = "0.2.11"
source = "registry+https://github.com/rust-lang/crates.io-index"
checksum = "8380fe0152551244f0747b1bf41737e0f8a74f97a14ccefd1148187271634f3c"
dependencies = [
 "bitflags",
]

[[package]]
name = "regex"
version = "1.5.5"
source = "registry+https://github.com/rust-lang/crates.io-index"
checksum = "1a11647b6b25ff05a515cb92c365cec08801e83423a235b51e231e1808747286"
dependencies = [
 "aho-corasick",
 "memchr",
 "regex-syntax",
]

[[package]]
name = "regex-syntax"
version = "0.6.25"
source = "registry+https://github.com/rust-lang/crates.io-index"
checksum = "f497285884f3fcff424ffc933e56d7cbca511def0c9831a7f9b5f6153e3cc89b"

[[package]]
name = "same-file"
version = "1.0.6"
source = "registry+https://github.com/rust-lang/crates.io-index"
checksum = "93fc1dc3aaa9bfed95e02e6eadabb4baf7e3078b0bd1b4d7b6b0b68378900502"
dependencies = [
 "winapi-util",
]

[[package]]
name = "scopeguard"
version = "1.1.0"
source = "registry+https://github.com/rust-lang/crates.io-index"
checksum = "d29ab0c6d3fc0ee92fe66e2d99f700eab17a8d57d1c1d3b748380fb20baa78cd"

[[package]]
name = "smallvec"
version = "1.8.0"
source = "registry+https://github.com/rust-lang/crates.io-index"
checksum = "f2dd574626839106c320a323308629dcb1acfc96e32a8cba364ddc61ac23ee83"

[[package]]
name = "snmalloc-rs"
version = "0.2.27"
source = "registry+https://github.com/rust-lang/crates.io-index"
checksum = "8f5a6194d59b08fc87381e7c8a04ab4ab9967282b00f409bb742e08f3514ed0b"
dependencies = [
 "snmalloc-sys",
]

[[package]]
name = "snmalloc-sys"
version = "0.2.28"
source = "registry+https://github.com/rust-lang/crates.io-index"
checksum = "35a7e6e7d5fe756bee058ddedefc7e0a9f9c8dbaa9401b48ed3c17d6578e40b5"
dependencies = [
 "cc",
 "cmake",
]

[[package]]
name = "spdx"
version = "0.8.1"
source = "registry+https://github.com/rust-lang/crates.io-index"
checksum = "78bce5b26be49ead8eac0bbdec432b2c52ccfbfeff1ab814fc78bf53e003422e"
dependencies = [
 "smallvec",
]

[[package]]
name = "syn"
version = "1.0.89"
source = "registry+https://github.com/rust-lang/crates.io-index"
checksum = "ea297be220d52398dcc07ce15a209fce436d361735ac1db700cab3b6cdfb9f54"
dependencies = [
 "proc-macro2",
 "quote",
 "unicode-xid",
]

[[package]]
name = "tugger-file-manifest"
version = "0.8.0-pre"

[[package]]
name = "tugger-licensing"
version = "0.6.0"
source = "registry+https://github.com/rust-lang/crates.io-index"
checksum = "b7b6ca380c52f5c4ecbc693177ea16cc0835d2c26713de3648f3ee2e2c3a595a"
dependencies = [
 "anyhow",
 "spdx",
]

[[package]]
name = "unicode-xid"
version = "0.2.2"
source = "registry+https://github.com/rust-lang/crates.io-index"
checksum = "8ccb82d61f80a663efe1f787a51b16b5a51e3314d6ac365b08639f52387b33f3"

[[package]]
name = "unindent"
version = "0.1.8"
source = "registry+https://github.com/rust-lang/crates.io-index"
checksum = "514672a55d7380da379785a4d70ca8386c8883ff7eaae877be4d2081cebe73d8"

[[package]]
name = "vswhom"
version = "0.1.0"
source = "registry+https://github.com/rust-lang/crates.io-index"
checksum = "be979b7f07507105799e854203b470ff7c78a1639e330a58f183b5fea574608b"
dependencies = [
 "libc",
 "vswhom-sys",
]

[[package]]
name = "vswhom-sys"
version = "0.1.0"
source = "registry+https://github.com/rust-lang/crates.io-index"
checksum = "fc2f5402d3d0e79a069714f7b48e3ecc60be7775a2c049cb839457457a239532"
dependencies = [
 "cc",
 "libc",
]

[[package]]
name = "walkdir"
version = "2.3.2"
source = "registry+https://github.com/rust-lang/crates.io-index"
checksum = "808cf2735cd4b6866113f648b791c6adc5714537bc222d9347bb203386ffda56"
dependencies = [
 "same-file",
 "winapi",
 "winapi-util",
]

[[package]]
name = "winapi"
version = "0.3.9"
source = "registry+https://github.com/rust-lang/crates.io-index"
checksum = "5c839a674fcd7a98952e593242ea400abe93992746761e38641405d28b00f419"
dependencies = [
 "winapi-i686-pc-windows-gnu",
 "winapi-x86_64-pc-windows-gnu",
]

[[package]]
name = "winapi-i686-pc-windows-gnu"
version = "0.4.0"
source = "registry+https://github.com/rust-lang/crates.io-index"
checksum = "ac3b87c63620426dd9b991e5ce0329eff545bccbbb34f3be09ff6fb6ab51b7b6"

[[package]]
name = "winapi-util"
version = "0.1.5"
source = "registry+https://github.com/rust-lang/crates.io-index"
checksum = "70ec6ce85bb158151cae5e5c87f95a8e97d2c0c4b001223f33a334e3ce5de178"
dependencies = [
 "winapi",
]

[[package]]
name = "winapi-x86_64-pc-windows-gnu"
version = "0.4.0"
source = "registry+https://github.com/rust-lang/crates.io-index"
checksum = "712e227841d057c1ee1cd2fb22fa7e5a5461ae8e48fa2ca79ec42cfc1931183f"

[[package]]
name = "winreg"
version = "0.10.1"
source = "registry+https://github.com/rust-lang/crates.io-index"
checksum = "80d0f4e272c85def139476380b12f9ac60926689dd2e01d4923222f40580869d"
dependencies = [
 "winapi",
]
